
Microsoft Visual Studio Solution File, Format Version 12.00
# Visual Studio Version 16
VisualStudioVersion = 16.0.31729.503
MinimumVisualStudioVersion = 10.0.40219.1
Project("{FAE04EC0-301F-11D3-BF4B-00C04F79EFBC}") = "task_WPF_19", "task_WPF_19\task_WPF_19.csproj", "{82FDCB3A-1986-4B7C-96FE-2FFA6B835482}"
EndProject
Global
	GlobalSection(SolutionConfigurationPlatforms) = preSolution
		Debug|Any CPU = Debug|Any CPU
		Release|Any CPU = Release|Any CPU
	EndGlobalSection
	GlobalSection(ProjectConfigurationPlatforms) = postSolution
		{82FDCB3A-1986-4B7C-96FE-2FFA6B835482}.Debug|Any CPU.ActiveCfg = Debug|Any CPU
		{82FDCB3A-1986-4B7C-96FE-2FFA6B835482}.Debug|Any CPU.Build.0 = Debug|Any CPU
		{82FDCB3A-1986-4B7C-96FE-2FFA6B835482}.Release|Any CPU.ActiveCfg = Release|Any CPU
		{82FDCB3A-1986-4B7C-96FE-2FFA6B835482}.Release|Any CPU.Build.0 = Release|Any CPU
	EndGlobalSection
	GlobalSection(SolutionProperties) = preSolution
		HideSolutionNode = FALSE
	EndGlobalSection
	GlobalSection(ExtensibilityGlobals) = postSolution
		SolutionGuid = {6A2C6BFB-0BCC-4E14-A41F-BFF9467A922D}
	EndGlobalSection
EndGlobal
